schema: '2.0'
stages:
  data-ingestion:
    cmd: python src/data/data_ingestion.py
    deps:
    - path: src/data/data_ingestion.py
      hash: md5
      md5: 49d77a1779355488c8ed6b4f019a0d26
      size: 1490
    params:
      params.yaml:
        data_ingestion.test_size: 2
    outs:
    - path: data/interim/test_data.csv
      hash: md5
      md5: 4da3914c778dd0bb43bc3e4116aa54b4
      size: 137
    - path: data/interim/train_data.csv
      hash: md5
      md5: 2f96c22aba450e29983d48b125eb1284
      size: 817460
  data_preprocessing:
    cmd: python src/data/data_preprocessing.py
    deps:
    - path: data/interim
      hash: md5
      md5: 1eb2d7f593c5435aa0d1c41ba6d639e5.dir
      size: 817597
      nfiles: 2
    - path: src/data/data_preprocessing.py
      hash: md5
      md5: 75bcb83cb32e62d60dd155c3e2345f7b
      size: 2299
    outs:
    - path: data/preprocessed/test_preprocessed_data.csv
      hash: md5
      md5: 4da3914c778dd0bb43bc3e4116aa54b4
      size: 137
    - path: data/preprocessed/train_preprocessed_data.csv
      hash: md5
      md5: 2f96c22aba450e29983d48b125eb1284
      size: 817460
  feature_engineering:
    cmd: python src/features/feature_engineering.py
    deps:
    - path: data/preprocessed
      hash: md5
      md5: a9b031fdd8ec10309a1e338d371287ca.dir
      size: 817597
      nfiles: 2
    - path: src/features/feature_engineering.py
      hash: md5
      md5: 7c7ca0b1fc80879793173519719de494
      size: 1347
    params:
      params.yaml:
        feature_engineering.max_features: 5000
    outs:
    - path: data/features/test_bow.csv
      hash: md5
      md5: 7e771a335c02f7055bc4a93cc00c8aab
      size: 170790
    - path: data/features/train_bow.csv
      hash: md5
      md5: 34ae84676b32e000f0efbb9df833922c
      size: 377431390
  model_building:
    cmd: python src/models/1.model_building.py
    deps:
    - path: data/features/train_bow.csv
      hash: md5
      md5: 34ae84676b32e000f0efbb9df833922c
      size: 377431390
    - path: src/models/1.model_building.py
      hash: md5
      md5: 2f6e93c927a89e4cfa9a49ed83dd6d05
      size: 458
    outs:
    - path: models/model.joblib
      hash: md5
      md5: 787b627d54b5a2c1059b0a9aafef5a8c
      size: 281099
  model_evaluation:
    cmd: python src/models/2.evaluation.py
    deps:
    - path: data/features/test_bow.csv
      hash: md5
      md5: 7e771a335c02f7055bc4a93cc00c8aab
      size: 170790
    - path: models/model.joblib
      hash: md5
      md5: 787b627d54b5a2c1059b0a9aafef5a8c
      size: 281099
    - path: src/models/2.evaluation.py
      hash: md5
      md5: 284cd26b50dbf0f7e3426b28d345b61c
      size: 2604
    outs:
    - path: reports/experiment_info.json
      hash: md5
      md5: 8953c8682c2af04d9da656de3a825a36
      size: 92
    - path: reports/metrics.json
      hash: md5
      md5: 879f24cfe9ae35b5329fbb4d9b9cc6a6
      size: 53
  model_registry:
    cmd: python src/models/3.model_registry.py
    deps:
    - path: reports/experiment_info.json
      hash: md5
      md5: 8953c8682c2af04d9da656de3a825a36
      size: 92
    - path: src/models/3.model_registry.py
      hash: md5
      md5: efdc08738aeb45558ea58715de2d6835
      size: 583
